
Microsoft Visual Studio Solution File, Format Version 12.00
# Visual Studio 15
VisualStudioVersion = 15.0.26228.9
MinimumVisualStudioVersion = 10.0.40219.1
Project("{8BC9CEB8-8B4A-11D0-8D11-00A0C91BC942}") = "CSerialPort", "CSerialPort\CSerialPort.vcxproj", "{13072202-1163-490D-B411-B88B77C03947}"
EndProject
Project("{8BC9CEB8-8B4A-11D0-8D11-00A0C91BC942}") = "CSerialPortTest", "CSerialPortTest\CSerialPortTest.vcxproj", "{EB7B0B70-EAC5-4628-A55B-8CA5FF0A6810}"
EndProject
Global
	GlobalSection(SolutionConfigurationPlatforms) = preSolution
		Debug|x64 = Debug|x64
		Debug|x86 = Debug|x86
		Release|x64 = Release|x64
		Release|x86 = Release|x86
	EndGlobalSection
	GlobalSection(ProjectConfigurationPlatforms) = postSolution
		{13072202-1163-490D-B411-B88B77C03947}.Debug|x64.ActiveCfg = Debug|x64
		{13072202-1163-490D-B411-B88B77C03947}.Debug|x64.Build.0 = Debug|x64
		{13072202-1163-490D-B411-B88B77C03947}.Debug|x86.ActiveCfg = Debug|Win32
		{13072202-1163-490D-B411-B88B77C03947}.Debug|x86.Build.0 = Debug|Win32
		{13072202-1163-490D-B411-B88B77C03947}.Release|x64.ActiveCfg = Release|x64
		{13072202-1163-490D-B411-B88B77C03947}.Release|x64.Build.0 = Release|x64
		{13072202-1163-490D-B411-B88B77C03947}.Release|x86.ActiveCfg = Release|Win32
		{13072202-1163-490D-B411-B88B77C03947}.Release|x86.Build.0 = Release|Win32
		{EB7B0B70-EAC5-4628-A55B-8CA5FF0A6810}.Debug|x64.ActiveCfg = Debug|x64
		{EB7B0B70-EAC5-4628-A55B-8CA5FF0A6810}.Debug|x64.Build.0 = Debug|x64
		{EB7B0B70-EAC5-4628-A55B-8CA5FF0A6810}.Debug|x86.ActiveCfg = Debug|Win32
		{EB7B0B70-EAC5-4628-A55B-8CA5FF0A6810}.Debug|x86.Build.0 = Debug|Win32
		{EB7B0B70-EAC5-4628-A55B-8CA5FF0A6810}.Release|x64.ActiveCfg = Release|x64
		{EB7B0B70-EAC5-4628-A55B-8CA5FF0A6810}.Release|x64.Build.0 = Release|x64
		{EB7B0B70-EAC5-4628-A55B-8CA5FF0A6810}.Release|x86.ActiveCfg = Release|Win32
		{EB7B0B70-EAC5-4628-A55B-8CA5FF0A6810}.Release|x86.Build.0 = Release|Win32
	EndGlobalSection
	GlobalSection(SolutionProperties) = preSolution
		HideSolutionNode = FALSE
	EndGlobalSection
EndGlobal
